github.com/davecgh/go-spew v1.1.1 h1:vj9j/u1bqnvCEfJOwUhtlOARqs3+rkHYY13jYWTU97c=
github.com/nlpodyssey/spago v1.0.2-0.20230121202140-6c5e4a9e7a32 h1:AWuoEbQrdeyWcK4ivkxHaWrI00YIiuxFZTFzEZcHDMM=
github.com/nlpodyssey/spago v1.0.2-0.20230121202140-6c5e4a9e7a32/go.mod h1:myGGtjwdlurAzacv7iXHY7KVfWii6MaHZo/eCDd6iE4=
github.com/pmezard/go-difflib v1.0.0 h1:4DBwDE0NGyQoBHbLQYPwSUPoCMWR5BEzIk/f1lZbAQM=
github.com/stretchr/testify v1.7.1 h1:5TQK59W5E3v0r2duFAb7P95B6hEeOyEnHRa8MjYSMTY=
gopkg.in/yaml.v3 v3.0.1 h1:fxVm/GzAzEWqLHuvctI91KS9hhNmmWOoWu0XTYJS7CA=
